# Autogenerated. Versions + `# via` annotations resolved by:
#    uv pip compile capabilityServices/LocalTTSService/requirements.txt --python capabilityServices/LocalTTSService/.venv/bin/python --generate-hashes --output-file deploy/mac-prod/native/requirements/local-tts.lock
#
# --hash values were then REWRITTEN from the actual vendored wheel files under
# dist/wheels/local-tts/ (scripts/build-python-wheels.sh), NOT left as uv's
# PyPI-sourced hashes. Reason: a package with no officially-published wheel
# for python3.11 on this platform (e.g. opuslib ships no wheel at all) gets
# built from source locally by `pip wheel`, producing an artifact PyPI never
# served — its hash can never match PyPI's JSON-API metadata by construction.
# A vendored-wheels lock must pin the hash of what we ship, not of a
# hypothetical upstream artifact.
# Regenerate with: python3 <rehash the two lock files from dist/wheels/*/*.whl
# by sha256, matching package name+version to each wheel filename>.
annotated-doc==0.0.5 \
    --hash=sha256:117bac03a25ede5df5440e855b32d556049ca169ead221505badf432fed4b101
    # via typer
anyascii==0.3.3 \
    --hash=sha256:f5ab5e53c8781a36b5a40e1296a0eeda2f48c649ef10c3921c1381b1d00dee7a
    # via textsearch
anyio==4.14.2 \
    --hash=sha256:9f505dda5ac9f0c8309b5e8bd445a8c2bf7246f3ce950121e45ea15bc41d1494
    # via httpx
certifi==2026.7.22 \
    --hash=sha256:62f22742b58a1a33014a2b6b706588a8d7e2a88ae7bd1a6ebe8c992928483775
    # via
    #   httpcore
    #   httpx
cffi==2.1.0 \
    --hash=sha256:f5bce581e6b8c235e566a14768a943b172ada3ed73537bb0c0be1edee312d4e7
    # via
    #   miniaudio
    #   sounddevice
    #   soundfile
click==8.4.2 \
    --hash=sha256:e6f9f66136c816745b9d65817da91d61d957fb16e02e4dcd0552553c5a197b76
    # via huggingface-hub
contractions==0.1.73 \
    --hash=sha256:398cee3b69c37307a50dce4930d961a0f42b48fdae9562df73bed5683008d3bc
    # via wetext
emoji==2.15.0 \
    --hash=sha256:205296793d66a89d88af4688fa57fd6496732eb48917a87175a023c8138995eb
    # via -r capabilityServices/LocalTTSService/requirements.txt
filelock==3.32.0 \
    --hash=sha256:d396bea984af47333ef05e50eae7eff88c84256de6112aea0ec48a233c064fe3
    # via huggingface-hub
fsspec==2026.7.0 \
    --hash=sha256:b57ddbafedfaef7018c1ecab32aa200a9d7ca26b77965f64e48b70061249d279
    # via huggingface-hub
h11==0.16.0 \
    --hash=sha256:63cf8bbe7522de3bf65932fda1d9c2772064ffb3dae62d55932da54b31cb6c86
    # via httpcore
hf-xet==1.5.2 \
    --hash=sha256:045f84440c55cdeb659cf1a1dd48c77bcd0d2e93632e2fea8f2c3bdee79f38ed
    # via huggingface-hub
httpcore==1.0.9 \
    --hash=sha256:2d400746a40668fc9dec9810239072b40b4484b640a8c38fd654a024c7a1bf55
    # via httpx
httpx==0.28.1 \
    --hash=sha256:d909fcccc110f8c7faf814ca82a9a4d816bc5a6dbfea25d6591d6985b8ba59ad
    # via huggingface-hub
huggingface-hub==1.25.1 \
    --hash=sha256:004d4e70350517e24c68a7dbb7dc5e40b2b6aefef8f94bf7a85f6f9835102ea5
    # via
    #   -r capabilityServices/LocalTTSService/requirements.txt
    #   mlx-audio
    #   tokenizers
    #   transformers
idna==3.18 \
    --hash=sha256:7f952cbe720b688055e3f87de14f5c3e5fdaa8bc3928985c4077ca689de849a2
    # via
    #   anyio
    #   httpx
jinja2==3.1.6 \
    --hash=sha256:85ece4451f492d0c13c5dd7c13a64681a86afae63a5f347908daf103ce6d2f67
    # via mlx-lm
kaldifst==1.8.0 \
    --hash=sha256:d04b56b00233afeab05eb781157840a444b7a56992c30a08fac8096f86be8389
    # via wetext
markdown-it-py==4.2.0 \
    --hash=sha256:9f7ebbcd14fe59494226453aed97c1070d83f8d24b6fc3a3bcf9a38092641c4a
    # via rich
markupsafe==3.0.3 \
    --hash=sha256:4bd4cd07944443f5a265608cc6aab442e4f74dff8088b0dfc8238647b8f6ae9a
    # via jinja2
mdurl==0.1.2 \
    --hash=sha256:84008a41e51615a49fc9966191ff91509e3c40b939176e643fd50a5c2196b8f8
    # via markdown-it-py
miniaudio==1.71 \
    --hash=sha256:5009b4e29cd43de3631d2d5ab09cc074192c085b4c8dd8a121b856ce1af6bab7
    # via mlx-audio
mistune==3.3.4 \
    --hash=sha256:ee015381e955e370962968befe1d729ab60fafb6a715ac6751763fbce38c8d4a
    # via -r capabilityServices/LocalTTSService/requirements.txt
mlx==0.32.0 \
    --hash=sha256:2a180cd39ac68b397b85cc4658d0b8e0ab58166c2549fc9ab2ca5f99d15ef0c3
    # via
    #   -r capabilityServices/LocalTTSService/requirements.txt
    #   mlx-audio
    #   mlx-lm
mlx-audio==0.4.6 \
    --hash=sha256:cd9c3958d50bf3f30fc78d64fc1b638f84961a6aadb0731582a5c16efe7bb7e5
    # via -r capabilityServices/LocalTTSService/requirements.txt
mlx-lm==0.31.3 \
    --hash=sha256:758cfddf1180053b7613db76fad3d246a331a2a905808e1164a275621fc983b8
    # via mlx-audio
mlx-metal==0.32.0 \
    --hash=sha256:3af76a498d84804f66119800499f9d143d7dffb0878a0dd0d7c2846e58565fd7
    # via mlx
numpy==2.4.6 \
    --hash=sha256:4cfe66903cc32a9921a6733d96b19bb6abf310397581bbad89c228f5abaf0ee8
    # via
    #   -r capabilityServices/LocalTTSService/requirements.txt
    #   mlx-audio
    #   mlx-lm
    #   scipy
    #   soundfile
    #   soxr
    #   transformers
opuslib==3.0.1 \
    --hash=sha256:130545bdb1c86606ebcf8ceeeda460fb858569bf4321ba2ce90aa19ea9e42d3c
    # via -r capabilityServices/LocalTTSService/requirements.txt
packaging==26.2 \
    --hash=sha256:5fc45236b9446107ff2415ce77c807cee2862cb6fac22b8a73826d0693b0980e
    # via
    #   huggingface-hub
    #   transformers
protobuf==7.35.1 \
    --hash=sha256:24f857477359a85c0c235261b8ba905fd51b2562f4a64ca1df5473f29850cbf6
    # via mlx-lm
psutil==7.2.2 \
    --hash=sha256:1a7b04c10f32cc88ab39cbf606e117fd74721c831c98a27dc04578deb0c16979
    # via -r capabilityServices/LocalTTSService/requirements.txt
pyahocorasick==2.3.1 \
    --hash=sha256:e8f9c21fd2bd72c0454ba6df0c7dbdfd7236c5cfd161fc983476fffbde92e18f
    # via textsearch
pycparser==3.0 \
    --hash=sha256:b727414169a36b7d524c1c3e31839a521725078d7b2ff038656844266160a992
    # via cffi
pygments==2.20.0 \
    --hash=sha256:81a9e26dd42fd28a23a2d169d86d7ac03b46e2f8b59ed4698fb4785f946d0176
    # via rich
pyyaml==6.0.3 \
    --hash=sha256:652cb6edd41e718550aad172851962662ff2681490a8a711af6a4d288dd96824
    # via
    #   -r capabilityServices/LocalTTSService/requirements.txt
    #   huggingface-hub
    #   mlx-lm
    #   transformers
regex==2026.7.19 \
    --hash=sha256:90c633e7e8d6bf4e992b8b36ce69e018f834b641dd6de8cea6d78c06ffa119c5
    # via transformers
rich==15.0.0 \
    --hash=sha256:33bd4ef74232fb73fe9279a257718407f169c09b78a87ad3d296f548e27de0bb
    # via typer
safetensors==0.8.0 \
    --hash=sha256:c80201d22cbf405b80647a60ada77bba06c8fba2da2743ba1e89cdcc39a81f25
    # via transformers
scipy==1.17.1 \
    --hash=sha256:a3472cfbca0a54177d0faa68f697d8ba4c80bbdc19908c3465556d9f7efce9ee
    # via mlx-audio
sentencepiece==0.2.2 \
    --hash=sha256:443ac618c7a2a1377cf5c82581fbb849591d14e656d5e5a3e4682d4e36a34e4e
    # via mlx-lm
shellingham==1.5.4 \
    --hash=sha256:7ecfff8f2fd72616f7481040475a65b2bf8af90a56c89140852d1120324e8686
    # via typer
sounddevice==0.5.5 \
    --hash=sha256:05eb9fd6c54c38d67741441c19164c0dae8ce80453af2d8c4ad2e7823d15b722
    # via mlx-audio
soundfile==0.14.0 \
    --hash=sha256:d828d35a059626da52f1415b5faee610aeab393319cb3fc4a9aef47b619fc14c
    # via -r capabilityServices/LocalTTSService/requirements.txt
soxr==1.1.0 \
    --hash=sha256:bd30f7201eac896ebf5db7b09156e6f1a1b82601900d29d9c8449bdad8365b11
    # via -r capabilityServices/LocalTTSService/requirements.txt
textsearch==0.0.24 \
    --hash=sha256:1bbc4cc36300fbf0bbaa865500f84e907c85f6a48faf37da6e098407b405ed09
    # via contractions
tokenizers==0.22.2 \
    --hash=sha256:1e418a55456beedca4621dbab65a318981467a2b188e982a23e117f115ce5001
    # via transformers
tqdm==4.70.0 \
    --hash=sha256:7f585706bfddbdebf89daac705b2dfcc16890130727d3197ca62c732b4310953
    # via
    #   huggingface-hub
    #   mlx-audio
    #   transformers
transformers==5.12.1 \
    --hash=sha256:2a5e109d2021265df7098ffbb738295acaf5ad256f12cbc586db2ea4dcbb1a8a
    # via
    #   -r capabilityServices/LocalTTSService/requirements.txt
    #   mlx-audio
    #   mlx-lm
typer==0.27.0 \
    --hash=sha256:6f4b27631e47f077871b7dc30e933ec0131c1390fbe0e387ea5574b5bac9ccf1
    # via transformers
typing-extensions==4.16.0 \
    --hash=sha256:481caa481374e813c1b176ada14e97f1f67a4539ce9cfeb3f350d78d6370c2e8
    # via
    #   anyio
    #   huggingface-hub
    #   soundfile
websockets==13.1 \
    --hash=sha256:c1dca61c6db1166c48b95198c0b7d9c990b30c756fc2923cc66f68d17dc558fd
    # via -r capabilityServices/LocalTTSService/requirements.txt
wetext==0.1.6 \
    --hash=sha256:84b864ab98fae52b5dec52cc16242e4ed0fc6162e25ce95ee0d242a2daf0b845
    # via -r capabilityServices/LocalTTSService/requirements.txt
