# Autogenerated. Versions + `# via` annotations resolved by:
#    uv pip compile capabilityServices/WhisperSTTService/requirements.txt --python capabilityServices/WhisperSTTService/.venv/bin/python --generate-hashes --output-file deploy/mac-prod/native/requirements/whisper-stt.lock
#
# --hash values were then REWRITTEN from the actual vendored wheel files under
# dist/wheels/whisper-stt/ (scripts/build-python-wheels.sh), NOT left as uv's
# PyPI-sourced hashes. Reason: numpy==2.1.3 (and any other package with no
# officially-published wheel for python3.14) gets built from source locally by
# `pip wheel`, producing an artifact PyPI never served — its hash can never
# match PyPI's JSON-API metadata by construction. A vendored-wheels lock must
# pin the hash of what we ship, not of a hypothetical upstream artifact.
# Regenerate with: python3 <rehash the two lock files from dist/wheels/*/*.whl
# by sha256, matching package name+version to each wheel filename>.
certifi==2026.7.22 \
    --hash=sha256:62f22742b58a1a33014a2b6b706588a8d7e2a88ae7bd1a6ebe8c992928483775
    # via requests
cffi==2.1.0 \
    --hash=sha256:c4165821e131d6d4ca444347c2b694e2311bcfa3fe5a861cc72968f28867beac
    # via soundfile
charset-normalizer==3.4.9 \
    --hash=sha256:0327fcd59a935777d83410750c50600ee9571af2846f71ce40f25b13da1ef380
    # via requests
filelock==3.32.0 \
    --hash=sha256:d396bea984af47333ef05e50eae7eff88c84256de6112aea0ec48a233c064fe3
    # via
    #   huggingface-hub
    #   torch
    #   transformers
flatbuffers==25.12.19 \
    --hash=sha256:7634f50c427838bb021c2d66a3d1168e9d199b0607e6329399f04846d42e20b4
    # via onnxruntime
fsspec==2026.7.0 \
    --hash=sha256:b57ddbafedfaef7018c1ecab32aa200a9d7ca26b77965f64e48b70061249d279
    # via
    #   huggingface-hub
    #   torch
hf-xet==1.5.2 \
    --hash=sha256:045f84440c55cdeb659cf1a1dd48c77bcd0d2e93632e2fea8f2c3bdee79f38ed
    # via huggingface-hub
huggingface-hub==0.36.2 \
    --hash=sha256:48f0c8eac16145dfce371e9d2d7772854a4f591bcb56c9cf548accf531d54270
    # via
    #   -r capabilityServices/WhisperSTTService/requirements.txt
    #   mlx-whisper
    #   tokenizers
    #   transformers
idna==3.18 \
    --hash=sha256:7f952cbe720b688055e3f87de14f5c3e5fdaa8bc3928985c4077ca689de849a2
    # via requests
jinja2==3.1.6 \
    --hash=sha256:85ece4451f492d0c13c5dd7c13a64681a86afae63a5f347908daf103ce6d2f67
    # via torch
llvmlite==0.48.0 \
    --hash=sha256:321f1ac39b462603f0b589751aecf2d237d056f6d005749c1752b6f23ec3f074
    # via numba
markupsafe==3.0.3 \
    --hash=sha256:c47a551199eb8eb2121d4f0f15ae0f923d31350ab9280078d1e5f12b249e0026
    # via jinja2
mlx==0.32.0 \
    --hash=sha256:23e83c8e74a23156696e9f9905d16a17b7d27b5a596c1bc0f720a98df1c5aadf
    # via
    #   -r capabilityServices/WhisperSTTService/requirements.txt
    #   mlx-whisper
mlx-metal==0.32.0 \
    --hash=sha256:3af76a498d84804f66119800499f9d143d7dffb0878a0dd0d7c2846e58565fd7
    # via mlx
mlx-whisper==0.4.3 \
    --hash=sha256:6b82b6597a994643a3e5496c7bc229a672e5ca308458455bfe276e76ae024489
    # via -r capabilityServices/WhisperSTTService/requirements.txt
more-itertools==11.1.0 \
    --hash=sha256:4b65538ae22f6fed0ce4874efd317463a7489796a0939fa66824dd542125a192
    # via mlx-whisper
mpmath==1.3.0 \
    --hash=sha256:a0b2b9fe80bbcd81a6647ff13108738cfb482d481d826cc0e02f5b35e5c88d2c
    # via sympy
networkx==3.6.1 \
    --hash=sha256:d47fbf302e7d9cbbb9e2555a0d267983d2aa476bac30e90dfbe5669bd57f3762
    # via torch
numba==0.66.0 \
    --hash=sha256:46ae5f2b19e2af3c33c2df100306a90ea2f981c8158b0390f8bf6c20eee7357e
    # via mlx-whisper
numpy==2.1.3 \
    --hash=sha256:d858d07fb8edb19fce2e246832b068c4ba860ded0a52f4b897d5322312ad2674
    # via
    #   -r capabilityServices/WhisperSTTService/requirements.txt
    #   mlx-whisper
    #   numba
    #   onnxruntime
    #   scipy
    #   soundfile
    #   transformers
onnxruntime==1.28.0 \
    --hash=sha256:8adff67a3f28257b37cfe945a7e952e4122666aa8c91a0380862e9fd4c2ed19f
    # via -r capabilityServices/WhisperSTTService/requirements.txt
opuslib==3.0.1 \
    --hash=sha256:039fdca7d164108300b0081b18cae8b091a3428f10595eb1c936286681e080b8
    # via -r capabilityServices/WhisperSTTService/requirements.txt
packaging==26.2 \
    --hash=sha256:5fc45236b9446107ff2415ce77c807cee2862cb6fac22b8a73826d0693b0980e
    # via
    #   huggingface-hub
    #   onnxruntime
    #   silero-vad
    #   transformers
protobuf==7.35.1 \
    --hash=sha256:24f857477359a85c0c235261b8ba905fd51b2562f4a64ca1df5473f29850cbf6
    # via onnxruntime
psutil==7.2.2 \
    --hash=sha256:1a7b04c10f32cc88ab39cbf606e117fd74721c831c98a27dc04578deb0c16979
    # via -r capabilityServices/WhisperSTTService/requirements.txt
pycparser==3.0 \
    --hash=sha256:b727414169a36b7d524c1c3e31839a521725078d7b2ff038656844266160a992
    # via cffi
pyyaml==6.0.3 \
    --hash=sha256:34d5fcd24b8445fadc33f9cf348c1047101756fd760b4dacb5c3e99755703310
    # via
    #   -r capabilityServices/WhisperSTTService/requirements.txt
    #   huggingface-hub
    #   transformers
regex==2026.7.19 \
    --hash=sha256:60be8693a1dadc210bbcbc0db3e26da5f7d01d1d5a3da594e99b4fa42df404f5
    # via
    #   tiktoken
    #   transformers
requests==2.34.2 \
    --hash=sha256:2a0d60c172f83ac6ab31e4554906c0f3b3588d37b5cb939b1c061f4907e278e0
    # via
    #   huggingface-hub
    #   tiktoken
    #   transformers
safetensors==0.8.0 \
    --hash=sha256:c80201d22cbf405b80647a60ada77bba06c8fba2da2743ba1e89cdcc39a81f25
    # via transformers
scipy==1.18.0 \
    --hash=sha256:f2a6af57bd9e4a75d70e4117e78a1bbee84f79ae3fbb6d0111005d6ebcc4cb8d
    # via mlx-whisper
setuptools==83.0.0 \
    --hash=sha256:29b23c360f22f414dc7336bb39178cc7bcbf6021ed2733cde173f09dba19abb3
    # via torch
silero-vad==6.2.1 \
    --hash=sha256:09de93c4d874bb19c53e62a47dd38be5f163cedad2b5599583231f2a84ef79cb
    # via -r capabilityServices/WhisperSTTService/requirements.txt
soundfile==0.14.0 \
    --hash=sha256:d828d35a059626da52f1415b5faee610aeab393319cb3fc4a9aef47b619fc14c
    # via -r capabilityServices/WhisperSTTService/requirements.txt
sympy==1.14.0 \
    --hash=sha256:e091cc3e99d2141a0ba2847328f5479b05d94a6635cb96148ccb3f34671bd8f5
    # via torch
tiktoken==0.13.0 \
    --hash=sha256:ca8b310bd93b3772cb1b7922d915446864860f562bdfe4825c63a0aed3fb28cd
    # via mlx-whisper
tokenizers==0.22.2 \
    --hash=sha256:1e418a55456beedca4621dbab65a318981467a2b188e982a23e117f115ce5001
    # via transformers
torch==2.13.0 \
    --hash=sha256:d849b390e07d8d333ce8ecaf91b273c656c598379a19c9acf1318a883f6b391c
    # via
    #   mlx-whisper
    #   silero-vad
torchaudio==2.11.0 \
    --hash=sha256:cc09cd1f6015b8549e7fe255fb1be5346b57e7fee06541d3f3dbb012d8c4715f
    # via silero-vad
tqdm==4.70.0 \
    --hash=sha256:7f585706bfddbdebf89daac705b2dfcc16890130727d3197ca62c732b4310953
    # via
    #   huggingface-hub
    #   mlx-whisper
    #   transformers
transformers==4.57.6 \
    --hash=sha256:4c9e9de11333ddfe5114bc872c9f370509198acf0b87a832a0ab9458e2bd0550
    # via -r capabilityServices/WhisperSTTService/requirements.txt
typing-extensions==4.16.0 \
    --hash=sha256:481caa481374e813c1b176ada14e97f1f67a4539ce9cfeb3f350d78d6370c2e8
    # via
    #   huggingface-hub
    #   soundfile
    #   torch
urllib3==2.7.0 \
    --hash=sha256:9fb4c81ebbb1ce9531cce37674bbc6f1360472bc18ca9a553ede278ef7276897
    # via requests
websockets==13.1 \
    --hash=sha256:a9a396a6ad26130cdae92ae10c36af09d9bfe6cafe69670fd3b6da9b07b4044f
    # via -r capabilityServices/WhisperSTTService/requirements.txt
